
Microsoft Visual Studio Solution File, Format Version 12.00
# Visual Studio 15
VisualStudioVersion = 15.0.28307.1145
MinimumVisualStudioVersion = 10.0.40219.1
Project("{FAE04EC0-301F-11D3-BF4B-00C04F79EFBC}") = "SendMail", "SendMail\SendMail.csproj", "{206030FB-6E13-49BF-A724-6883FC7D4995}"
EndProject
Global
	GlobalSection(SolutionConfigurationPlatforms) = preSolution
		Debug|Any CPU = Debug|Any CPU
		Release|Any CPU = Release|Any CPU
	EndGlobalSection
	GlobalSection(ProjectConfigurationPlatforms) = postSolution
		{206030FB-6E13-49BF-A724-6883FC7D4995}.Debug|Any CPU.ActiveCfg = Debug|Any CPU
		{206030FB-6E13-49BF-A724-6883FC7D4995}.Debug|Any CPU.Build.0 = Debug|Any CPU
		{206030FB-6E13-49BF-A724-6883FC7D4995}.Release|Any CPU.ActiveCfg = Release|Any CPU
		{206030FB-6E13-49BF-A724-6883FC7D4995}.Release|Any CPU.Build.0 = Release|Any CPU
	EndGlobalSection
	GlobalSection(SolutionProperties) = preSolution
		HideSolutionNode = FALSE
	EndGlobalSection
	GlobalSection(ExtensibilityGlobals) = postSolution
		SolutionGuid = {97B75818-6929-4F53-8CBC-5A2537E8E848}
	EndGlobalSection
EndGlobal
